
Microsoft Visual Studio Solution File, Format Version 12.00
# Visual Studio Version 16
VisualStudioVersion = 16.0.30717.126
MinimumVisualStudioVersion = 10.0.40219.1
Project("{9A19103F-16F7-4668-BE54-9A1E7A4F7556}") = "TrackHealthAndFitness", "TrackHealthAndFitness\TrackHealthAndFitness.csproj", "{23E9DC9A-9926-40DC-A87F-C7053A2DFC61}"
EndProject
Project("{FAE04EC0-301F-11D3-BF4B-00C04F79EFBC}") = "TrackHealthAndFitnessTests", "TrackHealthAndFitnessTests\TrackHealthAndFitnessTests.csproj", "{5610610F-BC76-49A6-B862-99AD9406E702}"
EndProject
Global
	GlobalSection(SolutionConfigurationPlatforms) = preSolution
		Debug|Any CPU = Debug|Any CPU
		Release|Any CPU = Release|Any CPU
	EndGlobalSection
	GlobalSection(ProjectConfigurationPlatforms) = postSolution
		{23E9DC9A-9926-40DC-A87F-C7053A2DFC61}.Debug|Any CPU.ActiveCfg = Debug|Any CPU
		{23E9DC9A-9926-40DC-A87F-C7053A2DFC61}.Debug|Any CPU.Build.0 = Debug|Any CPU
		{23E9DC9A-9926-40DC-A87F-C7053A2DFC61}.Release|Any CPU.ActiveCfg = Release|Any CPU
		{23E9DC9A-9926-40DC-A87F-C7053A2DFC61}.Release|Any CPU.Build.0 = Release|Any CPU
		{5610610F-BC76-49A6-B862-99AD9406E702}.Debug|Any CPU.ActiveCfg = Debug|Any CPU
		{5610610F-BC76-49A6-B862-99AD9406E702}.Debug|Any CPU.Build.0 = Debug|Any CPU
		{5610610F-BC76-49A6-B862-99AD9406E702}.Release|Any CPU.ActiveCfg = Release|Any CPU
		{5610610F-BC76-49A6-B862-99AD9406E702}.Release|Any CPU.Build.0 = Release|Any CPU
	EndGlobalSection
	GlobalSection(SolutionProperties) = preSolution
		HideSolutionNode = FALSE
	EndGlobalSection
	GlobalSection(ExtensibilityGlobals) = postSolution
		SolutionGuid = {A443AB19-F7F8-4526-A366-65AFFA658C18}
	EndGlobalSection
EndGlobal
